
Microsoft Visual Studio Solution File, Format Version 12.00
# Visual Studio Version 16
VisualStudioVersion = 16.0.31019.35
MinimumVisualStudioVersion = 10.0.40219.1
Project("{FAE04EC0-301F-11D3-BF4B-00C04F79EFBC}") = "AntraxClient", "AntraxClient.csproj", "{A26F3066-9478-43AF-91F4-9CE88E22114B}"
EndProject
Global
	GlobalSection(SolutionConfigurationPlatforms) = preSolution
		Debug|Any CPU = Debug|Any CPU
		Release|Any CPU = Release|Any CPU
	EndGlobalSection
	GlobalSection(ProjectConfigurationPlatforms) = postSolution
		{A26F3066-9478-43AF-91F4-9CE88E22114B}.Debug|Any CPU.ActiveCfg = Debug|Any CPU
		{A26F3066-9478-43AF-91F4-9CE88E22114B}.Debug|Any CPU.Build.0 = Debug|Any CPU
		{A26F3066-9478-43AF-91F4-9CE88E22114B}.Release|Any CPU.ActiveCfg = Release|Any CPU
		{A26F3066-9478-43AF-91F4-9CE88E22114B}.Release|Any CPU.Build.0 = Release|Any CPU
	EndGlobalSection
	GlobalSection(SolutionProperties) = preSolution
		HideSolutionNode = FALSE
	EndGlobalSection
	GlobalSection(ExtensibilityGlobals) = postSolution
		SolutionGuid = {DA63DA00-69CC-4926-8591-39135CFEA2D4}
	EndGlobalSection
EndGlobal
